lockfileVersion: '9.0'

settings:
  autoInstallPeers: true
  excludeLinksFromLockfile: false

importers:

  .:
    devDependencies:
      '@nestjs/common':
        specifier: ^11.1.0
        version: 11.1.19(class-transformer@0.5.1)(class-validator@0.14.4)(reflect-metadata@0.2.2)(rxjs@7.8.2)
      class-transformer:
        specifier: ^0.5.1
        version: 0.5.1
      class-validator:
        specifier: ^0.14.1
        version: 0.14.4
      mongoose:
        specifier: ^9.4.1
        version: 9.4.1
      typescript:
        specifier: ^5.8.3
        version: 5.9.3

packages:

  '@borewit/text-codec@0.2.2':
    resolution: {integrity: sha512-DDaRehssg1aNrH4+2hnj1B7vnUGEjU6OIlyRdkMd0aUdIUvKXrJfXsy8LVtXAy7DRvYVluWbMspsRhz2lcW0mQ==}

  '@lukeed/csprng@1.1.0':
    resolution: {integrity: sha512-Z7C/xXCiGWsg0KuKsHTKJxbWhpI3Vs5GwLfOean7MGyVFGqdRgBbAjOCh6u4bbjPc/8MJ2pZmK/0DLdCbivLDA==}
    engines: {node: '>=8'}

  '@mongodb-js/saslprep@1.4.8':
    resolution: {integrity: sha512-kpjr2jy2w71w0oqAMI8oibBmiF9lXxWkEQs5gMkW4hVE48bsqINGLxnCSYW62ck/NHXJQpQEfA9WlJ1sY0eqBg==}

  '@nestjs/common@11.1.19':
    resolution: {integrity: sha512-qeiTt2tv+e5QyDKqG8HlVZb2wx64FEaSGFJouqTSRs+kG44iTfl3xlz1XqVped+rihx4hmjWgL5gkhtdK3E6+Q==}
    peerDependencies:
      class-transformer: '>=0.4.1'
      class-validator: '>=0.13.2'
      reflect-metadata: ^0.1.12 || ^0.2.0
      rxjs: ^7.1.0
    peerDependenciesMeta:
      class-transformer:
        optional: true
      class-validator:
        optional: true

  '@tokenizer/inflate@0.4.1':
    resolution: {integrity: sha512-2mAv+8pkG6GIZiF1kNg1jAjh27IDxEPKwdGul3snfztFerfPGI1LjDezZp3i7BElXompqEtPmoPx6c2wgtWsOA==}
    engines: {node: '>=18'}

  '@tokenizer/token@0.3.0':
    resolution: {integrity: sha512-OvjF+z51L3ov0OyAU0duzsYuvO01PH7x4t6DJx+guahgTnBHkhJdG7soQeTSFLWN3efnHyibZ4Z8l2EuWwJN3A==}

  '@types/validator@13.15.10':
    resolution: {integrity: sha512-T8L6i7wCuyoK8A/ZeLYt1+q0ty3Zb9+qbSSvrIVitzT3YjZqkTZ40IbRsPanlB4h1QB3JVL1SYCdR6ngtFYcuA==}

  '@types/webidl-conversions@7.0.3':
    resolution: {integrity: sha512-CiJJvcRtIgzadHCYXw7dqEnMNRjhGZlYK05Mj9OyktqV8uVT8fD2BFOB7S1uwBE3Kj2Z+4UyPmFw/Ixgw/LAlA==}

  '@types/whatwg-url@13.0.0':
    resolution: {integrity: sha512-N8WXpbE6Wgri7KUSvrmQcqrMllKZ9uxkYWMt+mCSGwNc0Hsw9VQTW7ApqI4XNrx6/SaM2QQJCzMPDEXE058s+Q==}

  bson@7.2.0:
    resolution: {integrity: sha512-YCEo7KjMlbNlyHhz7zAZNDpIpQbd+wOEHJYezv0nMYTn4x31eIUM2yomNNubclAt63dObUzKHWsBLJ9QcZNSnQ==}
    engines: {node: '>=20.19.0'}

  class-transformer@0.5.1:
    resolution: {integrity: sha512-SQa1Ws6hUbfC98vKGxZH3KFY0Y1lm5Zm0SY8XX9zbK7FJCyVEac3ATW0RIpwzW+oOfmHE5PMPufDG9hCfoEOMw==}

  class-validator@0.14.4:
    resolution: {integrity: sha512-AwNusCCam51q703dW82x95tOqQp6oC9HNUl724KxJJOfnKscI8dOloXFgyez7LbTTKWuRBA37FScqVbJEoq8Yw==}

  debug@4.4.3:
    resolution: {integrity: sha512-RGwwWnwQvkVfavKVt22FGLw+xYSdzARwm0ru6DhTVA3umU5hZc28V3kO4stgYryrTlLpuvgI9GiijltAjNbcqA==}
    engines: {node: '>=6.0'}
    peerDependencies:
      supports-color: '*'
    peerDependenciesMeta:
      supports-color:
        optional: true

  file-type@21.3.4:
    resolution: {integrity: sha512-Ievi/yy8DS3ygGvT47PjSfdFoX+2isQueoYP1cntFW1JLYAuS4GD7NUPGg4zv2iZfV52uDyk5w5Z0TdpRS6Q1g==}
    engines: {node: '>=20'}

  ieee754@1.2.1:
    resolution: {integrity: sha512-dcyqhDvX1C46lXZcVqCpK+FtMRQVdIMN6/Df5js2zouUsqG7I6sFxitIC+7KYK29KdXOLHdu9zL4sFnoVQnqaA==}

  iterare@1.2.1:
    resolution: {integrity: sha512-RKYVTCjAnRthyJes037NX/IiqeidgN1xc3j1RjFfECFp28A1GVwK9nA+i0rJPaHqSZwygLzRnFlzUuHFoWWy+Q==}
    engines: {node: '>=6'}

  kareem@3.2.0:
    resolution: {integrity: sha512-VS8MWZz/cT+SqBCpVfNN4zoVz5VskR3N4+sTmUXme55e9avQHntpwpNq0yjnosISXqwJ3AQVjlbI4Dyzv//JtA==}
    engines: {node: '>=18.0.0'}

  libphonenumber-js@1.12.41:
    resolution: {integrity: sha512-lsmMmGXBxXIK/VMLEj0kL6MtUs1kBGj1nTCzi6zgQoG1DEwqwt2DQyHxcLykceIxAnfE3hya7NuIh6PpC6S3fA==}

  load-esm@1.0.3:
    resolution: {integrity: sha512-v5xlu8eHD1+6r8EHTg6hfmO97LN8ugKtiXcy5e6oN72iD2r6u0RPfLl6fxM+7Wnh2ZRq15o0russMst44WauPA==}
    engines: {node: '>=13.2.0'}

  memory-pager@1.5.0:
    resolution: {integrity: sha512-ZS4Bp4r/Zoeq6+NLJpP+0Zzm0pR8whtGPf1XExKLJBAczGMnSi3It14OiNCStjQjM6NU1okjQGSxgEZN8eBYKg==}

  mongodb-connection-string-url@7.0.1:
    resolution: {integrity: sha512-h0AZ9A7IDVwwHyMxmdMXKy+9oNlF0zFoahHiX3vQ8e3KFcSP3VmsmfvtRSuLPxmyv2vjIDxqty8smTgie/SNRQ==}
    engines: {node: '>=20.19.0'}

  mongodb@7.1.1:
    resolution: {integrity: sha512-067DXiMjcpYQl6bGjWQoTUEE9UoRViTtKFcoqX7z08I+iDZv/emH1g8XEFiO3qiDfXAheT5ozl1VffDTKhIW/w==}
    engines: {node: '>=20.19.0'}
    peerDependencies:
      '@aws-sdk/credential-providers': ^3.806.0
      '@mongodb-js/zstd': ^7.0.0
      gcp-metadata: ^7.0.1
      kerberos: ^7.0.0
      mongodb-client-encryption: '>=7.0.0 <7.1.0'
      snappy: ^7.3.2
      socks: ^2.8.6
    peerDependenciesMeta:
      '@aws-sdk/credential-providers':
        optional: true
      '@mongodb-js/zstd':
        optional: true
      gcp-metadata:
        optional: true
      kerberos:
        optional: true
      mongodb-client-encryption:
        optional: true
      snappy:
        optional: true
      socks:
        optional: true

  mongoose@9.4.1:
    resolution: {integrity: sha512-4rFBWa+/wdBQSfvnOPJBpiSG6UCEbhSQh865dEdaH9Y8WfHBUC+I2XT28dp0IBIGrEwmh+gzrgZgea5PbmrHWA==}
    engines: {node: '>=20.19.0'}

  mpath@0.9.0:
    resolution: {integrity: sha512-ikJRQTk8hw5DEoFVxHG1Gn9T/xcjtdnOKIU1JTmGjZZlg9LST2mBLmcX3/ICIbgJydT2GOc15RnNy5mHmzfSew==}
    engines: {node: '>=4.0.0'}

  mquery@6.0.0:
    resolution: {integrity: sha512-b2KQNsmgtkscfeDgkYMcWGn9vZI9YoXh802VDEwE6qc50zxBFQ0Oo8ROkawbPAsXCY1/Z1yp0MagqsZStPWJjw==}
    engines: {node: '>=20.19.0'}

  ms@2.1.3:
    resolution: {integrity: sha512-6FlzubTLZG3J2a/NVCAleEhjzq5oxgHyaCU9yYXvcLsvoVaHJq/s5xXI6/XXP6tz7R9xAOtHnSO/tXtF3WRTlA==}

  punycode@2.3.1:
    resolution: {integrity: sha512-vYt7UD1U9Wg6138shLtLOvdAu+8DsC/ilFtEVHcH+wydcSpNE20AfSOduf6MkRFahL5FY7X1oU7nKVZFtfq8Fg==}
    engines: {node: '>=6'}

  reflect-metadata@0.2.2:
    resolution: {integrity: sha512-urBwgfrvVP/eAyXx4hluJivBKzuEbSQs9rKWCrCkbSxNv8mxPcUZKeuoF3Uy4mJl3Lwprp6yy5/39VWigZ4K6Q==}

  rxjs@7.8.2:
    resolution: {integrity: sha512-dhKf903U/PQZY6boNNtAGdWbG85WAbjT/1xYoZIC7FAY0yWapOBQVsVrDl58W86//e1VpMNBtRV4MaXfdMySFA==}

  sift@17.1.3:
    resolution: {integrity: sha512-Rtlj66/b0ICeFzYTuNvX/EF1igRbbnGSvEyT79McoZa/DeGhMyC5pWKOEsZKnpkqtSeovd5FL/bjHWC3CIIvCQ==}

  sparse-bitfield@3.0.3:
    resolution: {integrity: sha512-kvzhi7vqKTfkh0PZU+2D2PIllw2ymqJKujUcyPMd9Y75Nv4nPbGJZXNhxsgdQab2BmlDct1YnfQCguEvHr7VsQ==}

  strtok3@10.3.5:
    resolution: {integrity: sha512-ki4hZQfh5rX0QDLLkOCj+h+CVNkqmp/CMf8v8kZpkNVK6jGQooMytqzLZYUVYIZcFZ6yDB70EfD8POcFXiF5oA==}
    engines: {node: '>=18'}

  token-types@6.1.2:
    resolution: {integrity: sha512-dRXchy+C0IgK8WPC6xvCHFRIWYUbqqdEIKPaKo/AcTUNzwLTK6AH7RjdLWsEZcAN/TBdtfUw3PYEgPr5VPr6ww==}
    engines: {node: '>=14.16'}

  tr46@5.1.1:
    resolution: {integrity: sha512-hdF5ZgjTqgAntKkklYw0R03MG2x/bSzTtkxmIRw/sTNV8YXsCJ1tfLAX23lhxhHJlEf3CRCOCGGWw3vI3GaSPw==}
    engines: {node: '>=18'}

  tslib@2.8.1:
    resolution: {integrity: sha512-oJFu94HQb+KVduSUQL7wnpmqnfmLsOA/nAh6b6EH0wCEoK0/mPeXU6c3wKDV83MkOuHPRHtSXKKU99IBazS/2w==}

  typescript@5.9.3:
    resolution: {integrity: sha512-jl1vZzPDinLr9eUt3J/t7V6FgNEw9QjvBPdysz9KfQDD41fQrC2Y4vKQdiaUpFT4bXlb1RHhLpp8wtm6M5TgSw==}
    engines: {node: '>=14.17'}
    hasBin: true

  uid@2.0.2:
    resolution: {integrity: sha512-u3xV3X7uzvi5b1MncmZo3i2Aw222Zk1keqLA1YkHldREkAhAqi65wuPfe7lHx8H/Wzy+8CE7S7uS3jekIM5s8g==}
    engines: {node: '>=8'}

  uint8array-extras@1.5.0:
    resolution: {integrity: sha512-rvKSBiC5zqCCiDZ9kAOszZcDvdAHwwIKJG33Ykj43OKcWsnmcBRL09YTU4nOeHZ8Y2a7l1MgTd08SBe9A8Qj6A==}
    engines: {node: '>=18'}

  validator@13.15.35:
    resolution: {integrity: sha512-TQ5pAGhd5whStmqWvYF4OjQROlmv9SMFVt37qoCBdqRffuuklWYQlCNnEs2ZaIBD1kZRNnikiZOS1eqgkar0iw==}
    engines: {node: '>= 0.10'}

  webidl-conversions@7.0.0:
    resolution: {integrity: sha512-VwddBukDzu71offAQR975unBIGqfKZpM+8ZX6ySk8nYhVoo5CYaZyzt3YBvYtRtO+aoGlqxPg/B87NGVZ/fu6g==}
    engines: {node: '>=12'}

  whatwg-url@14.2.0:
    resolution: {integrity: sha512-De72GdQZzNTUBBChsXueQUnPKDkg/5A5zp7pFDuQAj5UFoENpiACU0wlCvzpAGnTkj++ihpKwKyYewn/XNUbKw==}
    engines: {node: '>=18'}

snapshots:

  '@borewit/text-codec@0.2.2': {}

  '@lukeed/csprng@1.1.0': {}

  '@mongodb-js/saslprep@1.4.8':
    dependencies:
      sparse-bitfield: 3.0.3

  '@nestjs/common@11.1.19(class-transformer@0.5.1)(class-validator@0.14.4)(reflect-metadata@0.2.2)(rxjs@7.8.2)':
    dependencies:
      file-type: 21.3.4
      iterare: 1.2.1
      load-esm: 1.0.3
      reflect-metadata: 0.2.2
      rxjs: 7.8.2
      tslib: 2.8.1
      uid: 2.0.2
    optionalDependencies:
      class-transformer: 0.5.1
      class-validator: 0.14.4
    transitivePeerDependencies:
      - supports-color

  '@tokenizer/inflate@0.4.1':
    dependencies:
      debug: 4.4.3
      token-types: 6.1.2
    transitivePeerDependencies:
      - supports-color

  '@tokenizer/token@0.3.0': {}

  '@types/validator@13.15.10': {}

  '@types/webidl-conversions@7.0.3': {}

  '@types/whatwg-url@13.0.0':
    dependencies:
      '@types/webidl-conversions': 7.0.3

  bson@7.2.0: {}

  class-transformer@0.5.1: {}

  class-validator@0.14.4:
    dependencies:
      '@types/validator': 13.15.10
      libphonenumber-js: 1.12.41
      validator: 13.15.35

  debug@4.4.3:
    dependencies:
      ms: 2.1.3

  file-type@21.3.4:
    dependencies:
      '@tokenizer/inflate': 0.4.1
      strtok3: 10.3.5
      token-types: 6.1.2
      uint8array-extras: 1.5.0
    transitivePeerDependencies:
      - supports-color

  ieee754@1.2.1: {}

  iterare@1.2.1: {}

  kareem@3.2.0: {}

  libphonenumber-js@1.12.41: {}

  load-esm@1.0.3: {}

  memory-pager@1.5.0: {}

  mongodb-connection-string-url@7.0.1:
    dependencies:
      '@types/whatwg-url': 13.0.0
      whatwg-url: 14.2.0

  mongodb@7.1.1:
    dependencies:
      '@mongodb-js/saslprep': 1.4.8
      bson: 7.2.0
      mongodb-connection-string-url: 7.0.1

  mongoose@9.4.1:
    dependencies:
      kareem: 3.2.0
      mongodb: 7.1.1
      mpath: 0.9.0
      mquery: 6.0.0
      ms: 2.1.3
      sift: 17.1.3
    transitivePeerDependencies:
      - '@aws-sdk/credential-providers'
      - '@mongodb-js/zstd'
      - gcp-metadata
      - kerberos
      - mongodb-client-encryption
      - snappy
      - socks

  mpath@0.9.0: {}

  mquery@6.0.0: {}

  ms@2.1.3: {}

  punycode@2.3.1: {}

  reflect-metadata@0.2.2: {}

  rxjs@7.8.2:
    dependencies:
      tslib: 2.8.1

  sift@17.1.3: {}

  sparse-bitfield@3.0.3:
    dependencies:
      memory-pager: 1.5.0

  strtok3@10.3.5:
    dependencies:
      '@tokenizer/token': 0.3.0

  token-types@6.1.2:
    dependencies:
      '@borewit/text-codec': 0.2.2
      '@tokenizer/token': 0.3.0
      ieee754: 1.2.1

  tr46@5.1.1:
    dependencies:
      punycode: 2.3.1

  tslib@2.8.1: {}

  typescript@5.9.3: {}

  uid@2.0.2:
    dependencies:
      '@lukeed/csprng': 1.1.0

  uint8array-extras@1.5.0: {}

  validator@13.15.35: {}

  webidl-conversions@7.0.0: {}

  whatwg-url@14.2.0:
    dependencies:
      tr46: 5.1.1
      webidl-conversions: 7.0.0
